
Microsoft Visual Studio Solution File, Format Version 12.00
# Visual Studio Version 17
VisualStudioVersion = 17.5.002.0
MinimumVisualStudioVersion = 10.0.40219.1
Project("{9A19103F-16F7-4668-BE54-9A1E7A4F7556}") = "clima", "clima\clima.csproj", "{8F250E95-B6AB-4268-8303-FB391EC50F4B}"
EndProject
Global
	GlobalSection(SolutionConfigurationPlatforms) = preSolution
		Debug|Any CPU = Debug|Any CPU
		Release|Any CPU = Release|Any CPU
	EndGlobalSection
	GlobalSection(ProjectConfigurationPlatforms) = postSolution
		{8F250E95-B6AB-4268-8303-FB391EC50F4B}.Debug|Any CPU.ActiveCfg = Debug|Any CPU
		{8F250E95-B6AB-4268-8303-FB391EC50F4B}.Debug|Any CPU.Build.0 = Debug|Any CPU
		{8F250E95-B6AB-4268-8303-FB391EC50F4B}.Release|Any CPU.ActiveCfg = Release|Any CPU
		{8F250E95-B6AB-4268-8303-FB391EC50F4B}.Release|Any CPU.Build.0 = Release|Any CPU
	EndGlobalSection
	GlobalSection(SolutionProperties) = preSolution
		HideSolutionNode = FALSE
	EndGlobalSection
	GlobalSection(ExtensibilityGlobals) = postSolution
		SolutionGuid = {270C549F-3563-46EE-8406-0248B04FD10E}
	EndGlobalSection
EndGlobal
